
Microsoft Visual Studio Solution File, Format Version 12.00
# Visual Studio Version 17
VisualStudioVersion = 17.10.34928.147
MinimumVisualStudioVersion = 10.0.40219.1
Project("{2150E333-8FDC-42A3-9474-1A3956D46DE8}") = "Src", "Src", "{9AF0D499-BEBA-4524-AB42-DE58E2EB00D5}"
EndProject
Project("{2150E333-8FDC-42A3-9474-1A3956D46DE8}") = "Ingrediants", "Ingrediants", "{7EB77C9C-3523-4555-832C-77BCE6A963DD}"
EndProject
Project("{9A19103F-16F7-4668-BE54-9A1E7A4F7556}") = "Common", "Src\Ingrediants\Common\Common.csproj", "{A802BF49-C8BE-4179-8E27-B6B9461FC622}"
EndProject
Project("{2150E333-8FDC-42A3-9474-1A3956D46DE8}") = "Models", "Models", "{A9374BF2-2F4A-4A15-9C7D-FE7901D787AF}"
EndProject
Project("{FAE04EC0-301F-11D3-BF4B-00C04F79EFBC}") = "WebAppModels", "Src\Models\WebAppModels\WebAppModels.csproj", "{44EA344F-4FC3-4EDD-B71C-57C3EBF982FC}"
EndProject
Project("{2150E333-8FDC-42A3-9474-1A3956D46DE8}") = "WebApp.UI", "WebApp.UI", "{5A3747BB-11E9-4EB9-8936-E04F8AE60623}"
EndProject
Project("{FAE04EC0-301F-11D3-BF4B-00C04F79EFBC}") = "WebApp.UI", "Src\WebApp.UI\WebApp.UI\WebApp.UI.csproj", "{08EEB055-0EA0-480D-A7EC-AB1E9D30F24F}"
EndProject
Project("{FAE04EC0-301F-11D3-BF4B-00C04F79EFBC}") = "Class.UI", "Src\WebApp.UI\Class.UI\Class.UI.csproj", "{B439C181-0D38-4B5A-B67E-12005FD14A73}"
EndProject
Global
	GlobalSection(SolutionConfigurationPlatforms) = preSolution
		Debug|Any CPU = Debug|Any CPU
		Release|Any CPU = Release|Any CPU
	EndGlobalSection
	GlobalSection(ProjectConfigurationPlatforms) = postSolution
		{A802BF49-C8BE-4179-8E27-B6B9461FC622}.Debug|Any CPU.ActiveCfg = Debug|Any CPU
		{A802BF49-C8BE-4179-8E27-B6B9461FC622}.Debug|Any CPU.Build.0 = Debug|Any CPU
		{A802BF49-C8BE-4179-8E27-B6B9461FC622}.Release|Any CPU.ActiveCfg = Release|Any CPU
		{A802BF49-C8BE-4179-8E27-B6B9461FC622}.Release|Any CPU.Build.0 = Release|Any CPU
		{44EA344F-4FC3-4EDD-B71C-57C3EBF982FC}.Debug|Any CPU.ActiveCfg = Debug|Any CPU
		{44EA344F-4FC3-4EDD-B71C-57C3EBF982FC}.Debug|Any CPU.Build.0 = Debug|Any CPU
		{44EA344F-4FC3-4EDD-B71C-57C3EBF982FC}.Release|Any CPU.ActiveCfg = Release|Any CPU
		{44EA344F-4FC3-4EDD-B71C-57C3EBF982FC}.Release|Any CPU.Build.0 = Release|Any CPU
		{08EEB055-0EA0-480D-A7EC-AB1E9D30F24F}.Debug|Any CPU.ActiveCfg = Debug|Any CPU
		{08EEB055-0EA0-480D-A7EC-AB1E9D30F24F}.Debug|Any CPU.Build.0 = Debug|Any CPU
		{08EEB055-0EA0-480D-A7EC-AB1E9D30F24F}.Release|Any CPU.ActiveCfg = Release|Any CPU
		{08EEB055-0EA0-480D-A7EC-AB1E9D30F24F}.Release|Any CPU.Build.0 = Release|Any CPU
		{B439C181-0D38-4B5A-B67E-12005FD14A73}.Debug|Any CPU.ActiveCfg = Debug|Any CPU
		{B439C181-0D38-4B5A-B67E-12005FD14A73}.Debug|Any CPU.Build.0 = Debug|Any CPU
		{B439C181-0D38-4B5A-B67E-12005FD14A73}.Release|Any CPU.ActiveCfg = Release|Any CPU
		{B439C181-0D38-4B5A-B67E-12005FD14A73}.Release|Any CPU.Build.0 = Release|Any CPU
	EndGlobalSection
	GlobalSection(SolutionProperties) = preSolution
		HideSolutionNode = FALSE
	EndGlobalSection
	GlobalSection(NestedProjects) = preSolution
		{7EB77C9C-3523-4555-832C-77BCE6A963DD} = {9AF0D499-BEBA-4524-AB42-DE58E2EB00D5}
		{A802BF49-C8BE-4179-8E27-B6B9461FC622} = {7EB77C9C-3523-4555-832C-77BCE6A963DD}
		{A9374BF2-2F4A-4A15-9C7D-FE7901D787AF} = {9AF0D499-BEBA-4524-AB42-DE58E2EB00D5}
		{44EA344F-4FC3-4EDD-B71C-57C3EBF982FC} = {A9374BF2-2F4A-4A15-9C7D-FE7901D787AF}
		{5A3747BB-11E9-4EB9-8936-E04F8AE60623} = {9AF0D499-BEBA-4524-AB42-DE58E2EB00D5}
		{08EEB055-0EA0-480D-A7EC-AB1E9D30F24F} = {5A3747BB-11E9-4EB9-8936-E04F8AE60623}
		{B439C181-0D38-4B5A-B67E-12005FD14A73} = {5A3747BB-11E9-4EB9-8936-E04F8AE60623}
	EndGlobalSection
	GlobalSection(ExtensibilityGlobals) = postSolution
		SolutionGuid = {D3BC4071-D69A-4DBC-BCAA-BAB311E6FD3A}
	EndGlobalSection
EndGlobal
